
Microsoft Visual Studio Solution File, Format Version 12.00
# Visual Studio Version 17
VisualStudioVersion = 17.7.34202.233
MinimumVisualStudioVersion = 10.0.40219.1
Project("{FAE04EC0-301F-11D3-BF4B-00C04F79EFBC}") = "BT_QLSV_Tuan8", "BT_QLSV_Tuan8\BT_QLSV_Tuan8.csproj", "{ED4ED6E6-5882-4A11-893D-4E399B40A590}"
EndProject
Global
	GlobalSection(SolutionConfigurationPlatforms) = preSolution
		Debug|Any CPU = Debug|Any CPU
		Release|Any CPU = Release|Any CPU
	EndGlobalSection
	GlobalSection(ProjectConfigurationPlatforms) = postSolution
		{ED4ED6E6-5882-4A11-893D-4E399B40A590}.Debug|Any CPU.ActiveCfg = Debug|Any CPU
		{ED4ED6E6-5882-4A11-893D-4E399B40A590}.Debug|Any CPU.Build.0 = Debug|Any CPU
		{ED4ED6E6-5882-4A11-893D-4E399B40A590}.Release|Any CPU.ActiveCfg = Release|Any CPU
		{ED4ED6E6-5882-4A11-893D-4E399B40A590}.Release|Any CPU.Build.0 = Release|Any CPU
	EndGlobalSection
	GlobalSection(SolutionProperties) = preSolution
		HideSolutionNode = FALSE
	EndGlobalSection
	GlobalSection(ExtensibilityGlobals) = postSolution
		SolutionGuid = {81F55FC5-35D4-4296-82B1-6FA14090590E}
	EndGlobalSection
EndGlobal
